
Microsoft Visual Studio Solution File, Format Version 12.00
# Visual Studio Version 17
VisualStudioVersion = 17.1.32210.238
MinimumVisualStudioVersion = 10.0.40219.1
Project("{9A19103F-16F7-4668-BE54-9A1E7A4F7556}") = "FunctionApp1", "FunctionApp1\FunctionApp1.csproj", "{B6757D82-975F-4359-9864-D2A91B2D9069}"
EndProject
Global
	GlobalSection(SolutionConfigurationPlatforms) = preSolution
		Debug|Any CPU = Debug|Any CPU
		Release|Any CPU = Release|Any CPU
	EndGlobalSection
	GlobalSection(ProjectConfigurationPlatforms) = postSolution
		{B6757D82-975F-4359-9864-D2A91B2D9069}.Debug|Any CPU.ActiveCfg = Debug|Any CPU
		{B6757D82-975F-4359-9864-D2A91B2D9069}.Debug|Any CPU.Build.0 = Debug|Any CPU
		{B6757D82-975F-4359-9864-D2A91B2D9069}.Release|Any CPU.ActiveCfg = Release|Any CPU
		{B6757D82-975F-4359-9864-D2A91B2D9069}.Release|Any CPU.Build.0 = Release|Any CPU
	EndGlobalSection
	GlobalSection(SolutionProperties) = preSolution
		HideSolutionNode = FALSE
	EndGlobalSection
	GlobalSection(ExtensibilityGlobals) = postSolution
		SolutionGuid = {B4A64145-4AFD-4406-9B22-E41D6D61F802}
	EndGlobalSection
EndGlobal
